// !$*UTF8*$!
{
	archiveVersion = 1;
	classes = {
	};
	objectVersion = 55;
	objects = {

/* Begin PBXBuildFile section */
		4025199A8C170C3B64A289A1 /* Pods_RxListTests.framework in Frameworks */ = {isa = PBXBuildFile; fileRef = 0D3BBF76237EC8249E21EF42 /* Pods_RxListTests.framework */; };
		4EA80D5970CF92EB580E72D7 /* Pods_RxList.framework in Frameworks */ = {isa = PBXBuildFile; fileRef = A34C19351F4E1FAC37400025 /* Pods_RxList.framework */; };
		611EA7D5EC99F5FD0B270646 /* Pods_RxList_RxListUITests.framework in Frameworks */ = {isa = PBXBuildFile; fileRef = 73B8B6EB82734421FD0626E4 /* Pods_RxList_RxListUITests.framework */; };
		7E1847D6296D648C00E83209 /* TaskListViewController.swift in Sources */ = {isa = PBXBuildFile; fileRef = 7E1847D5296D648C00E83209 /* TaskListViewController.swift */; };
		7E1847D8296D690800E83209 /* AddTaskViewController.swift in Sources */ = {isa = PBXBuildFile; fileRef = 7E1847D7296D690800E83209 /* AddTaskViewController.swift */; };
		7E1847DB296D6C1300E83209 /* Task.swift in Sources */ = {isa = PBXBuildFile; fileRef = 7E1847DA296D6C1300E83209 /* Task.swift */; };
		7E31A89D296D5B840021F1B4 /* AppDelegate.swift in Sources */ = {isa = PBXBuildFile; fileRef = 7E31A89C296D5B840021F1B4 /* AppDelegate.swift */; };
		7E31A89F296D5B840021F1B4 /* SceneDelegate.swift in Sources */ = {isa = PBXBuildFile; fileRef = 7E31A89E296D5B840021F1B4 /* SceneDelegate.swift */; };
		7E31A8A4296D5B840021F1B4 /* Main.storyboard in Resources */ = {isa = PBXBuildFile; fileRef = 7E31A8A2296D5B840021F1B4 /* Main.storyboard */; };
		7E31A8A6296D5B850021F1B4 /* Assets.xcassets in Resources */ = {isa = PBXBuildFile; fileRef = 7E31A8A5296D5B850021F1B4 /* Assets.xcassets */; };
		7E31A8A9296D5B850021F1B4 /* LaunchScreen.storyboard in Resources */ = {isa = PBXBuildFile; fileRef = 7E31A8A7296D5B850021F1B4 /* LaunchScreen.storyboard */; };
		7E31A8B4296D5B850021F1B4 /* RxListTests.swift in Sources */ = {isa = PBXBuildFile; fileRef = 7E31A8B3296D5B850021F1B4 /* RxListTests.swift */; };
		7E31A8BE296D5B850021F1B4 /* RxListUITests.swift in Sources */ = {isa = PBXBuildFile; fileRef = 7E31A8BD296D5B850021F1B4 /* RxListUITests.swift */; };
		7E31A8C0296D5B850021F1B4 /* RxListUITestsLaunchTests.swift in Sources */ = {isa = PBXBuildFile; fileRef = 7E31A8BF296D5B850021F1B4 /* RxListUITestsLaunchTests.swift */; };
/* End PBXBuildFile section */

/* Begin PBXContainerItemProxy section */
		7E31A8B0296D5B850021F1B4 /* PBXContainerItemProxy */ = {
			isa = PBXContainerItemProxy;
			containerPortal = 7E31A891296D5B840021F1B4 /* Project object */;
			proxyType = 1;
			remoteGlobalIDString = 7E31A898296D5B840021F1B4;
			remoteInfo = RxList;
		};
		7E31A8BA296D5B850021F1B4 /* PBXContainerItemProxy */ = {
			isa = PBXContainerItemProxy;
			containerPortal = 7E31A891296D5B840021F1B4 /* Project object */;
			proxyType = 1;
			remoteGlobalIDString = 7E31A898296D5B840021F1B4;
			remoteInfo = RxList;
		};
/* End PBXContainerItemProxy section */

/* Begin PBXFileReference section */
		0D3BBF76237EC8249E21EF42 /* Pods_RxListTests.framework */ = {isa = PBXFileReference; explicitFileType = wrapper.framework; includeInIndex = 0; path = Pods_RxListTests.framework; sourceTree = BUILT_PRODUCTS_DIR; };
		193E0DF3E9A17CD5B3DB813F /* Pods-RxList.release.xcconfig */ = {isa = PBXFileReference; includeInIndex = 1; lastKnownFileType = text.xcconfig; name = "Pods-RxList.release.xcconfig"; path = "Target Support Files/Pods-RxList/Pods-RxList.release.xcconfig"; sourceTree = "<group>"; };
		73B8B6EB82734421FD0626E4 /* Pods_RxList_RxListUITests.framework */ = {isa = PBXFileReference; explicitFileType = wrapper.framework; includeInIndex = 0; path = Pods_RxList_RxListUITests.framework; sourceTree = BUILT_PRODUCTS_DIR; };
		7E1847D5296D648C00E83209 /* TaskListViewController.swift */ = {isa = PBXFileReference; lastKnownFileType = sourcecode.swift; path = TaskListViewController.swift; sourceTree = "<group>"; };
		7E1847D7296D690800E83209 /* AddTaskViewController.swift */ = {isa = PBXFileReference; lastKnownFileType = sourcecode.swift; path = AddTaskViewController.swift; sourceTree = "<group>"; };
		7E1847DA296D6C1300E83209 /* Task.swift */ = {isa = PBXFileReference; lastKnownFileType = sourcecode.swift; path = Task.swift; sourceTree = "<group>"; };
		7E31A899296D5B840021F1B4 /* RxList.app */ = {isa = PBXFileReference; explicitFileType = wrapper.application; includeInIndex = 0; path = RxList.app; sourceTree = BUILT_PRODUCTS_DIR; };
		7E31A89C296D5B840021F1B4 /* AppDelegate.swift */ = {isa = PBXFileReference; lastKnownFileType = sourcecode.swift; path = AppDelegate.swift; sourceTree = "<group>"; };
		7E31A89E296D5B840021F1B4 /* SceneDelegate.swift */ = {isa = PBXFileReference; lastKnownFileType = sourcecode.swift; path = SceneDelegate.swift; sourceTree = "<group>"; };
		7E31A8A3296D5B840021F1B4 /* Base */ = {isa = PBXFileReference; lastKnownFileType = file.storyboard; name = Base; path = Base.lproj/Main.storyboard; sourceTree = "<group>"; };
		7E31A8A5296D5B850021F1B4 /* Assets.xcassets */ = {isa = PBXFileReference; lastKnownFileType = folder.assetcatalog; path = Assets.xcassets; sourceTree = "<group>"; };
		7E31A8A8296D5B850021F1B4 /* Base */ = {isa = PBXFileReference; lastKnownFileType = file.storyboard; name = Base; path = Base.lproj/LaunchScreen.storyboard; sourceTree = "<group>"; };
		7E31A8AA296D5B850021F1B4 /* Info.plist */ = {isa = PBXFileReference; lastKnownFileType = text.plist.xml; path = Info.plist; sourceTree = "<group>"; };
		7E31A8AF296D5B850021F1B4 /* RxListTests.xctest */ = {isa = PBXFileReference; explicitFileType = wrapper.cfbundle; includeInIndex = 0; path = RxListTests.xctest; sourceTree = BUILT_PRODUCTS_DIR; };
		7E31A8B3296D5B850021F1B4 /* RxListTests.swift */ = {isa = PBXFileReference; lastKnownFileType = sourcecode.swift; path = RxListTests.swift; sourceTree = "<group>"; };
		7E31A8B9296D5B850021F1B4 /* RxListUITests.xctest */ = {isa = PBXFileReference; explicitFileType = wrapper.cfbundle; includeInIndex = 0; path = RxListUITests.xctest; sourceTree = BUILT_PRODUCTS_DIR; };
		7E31A8BD296D5B850021F1B4 /* RxListUITests.swift */ = {isa = PBXFileReference; lastKnownFileType = sourcecode.swift; path = RxListUITests.swift; sourceTree = "<group>"; };
		7E31A8BF296D5B850021F1B4 /* RxListUITestsLaunchTests.swift */ = {isa = PBXFileReference; lastKnownFileType = sourcecode.swift; path = RxListUITestsLaunchTests.swift; sourceTree = "<group>"; };
		820C877A1EF52BE0358ECE9A /* Pods-RxListTests.release.xcconfig */ = {isa = PBXFileReference; includeInIndex = 1; lastKnownFileType = text.xcconfig; name = "Pods-RxListTests.release.xcconfig"; path = "Target Support Files/Pods-RxListTests/Pods-RxListTests.release.xcconfig"; sourceTree = "<group>"; };
		A34C19351F4E1FAC37400025 /* Pods_RxList.framework */ = {isa = PBXFileReference; explicitFileType = wrapper.framework; includeInIndex = 0; path = Pods_RxList.framework; sourceTree = BUILT_PRODUCTS_DIR; };
		CE400D679D1CDA7442E94DCF /* Pods-RxList-RxListUITests.debug.xcconfig */ = {isa = PBXFileReference; includeInIndex = 1; lastKnownFileType = text.xcconfig; name = "Pods-RxList-RxListUITests.debug.xcconfig"; path = "Target Support Files/Pods-RxList-RxListUITests/Pods-RxList-RxListUITests.debug.xcconfig"; sourceTree = "<group>"; };
		D920AC51FC6DC8DB24C835D8 /* Pods-RxList.debug.xcconfig */ = {isa = PBXFileReference; includeInIndex = 1; lastKnownFileType = text.xcconfig; name = "Pods-RxList.debug.xcconfig"; path = "Target Support Files/Pods-RxList/Pods-RxList.debug.xcconfig"; sourceTree = "<group>"; };
		F08B45D1DAC8B59A5BA1A7E5 /* Pods-RxListTests.debug.xcconfig */ = {isa = PBXFileReference; includeInIndex = 1; lastKnownFileType = text.xcconfig; name = "Pods-RxListTests.debug.xcconfig"; path = "Target Support Files/Pods-RxListTests/Pods-RxListTests.debug.xcconfig"; sourceTree = "<group>"; };
		F710EE1AFA891062105203D8 /* Pods-RxList-RxListUITests.release.xcconfig */ = {isa = PBXFileReference; includeInIndex = 1; lastKnownFileType = text.xcconfig; name = "Pods-RxList-RxListUITests.release.xcconfig"; path = "Target Support Files/Pods-RxList-RxListUITests/Pods-RxList-RxListUITests.release.xcconfig"; sourceTree = "<group>"; };
/* End PBXFileReference section */

/* Begin PBXFrameworksBuildPhase section */
		7E31A896296D5B840021F1B4 /* Frameworks */ = {
			isa = PBXFrameworksBuildPhase;
			buildActionMask = 2147483647;
			files = (
				4EA80D5970CF92EB580E72D7 /* Pods_RxList.framework in Frameworks */,
			);
			runOnlyForDeploymentPostprocessing = 0;
		};
		7E31A8AC296D5B850021F1B4 /* Frameworks */ = {
			isa = PBXFrameworksBuildPhase;
			buildActionMask = 2147483647;
			files = (
				4025199A8C170C3B64A289A1 /* Pods_RxListTests.framework in Frameworks */,
			);
			runOnlyForDeploymentPostprocessing = 0;
		};
		7E31A8B6296D5B850021F1B4 /* Frameworks */ = {
			isa = PBXFrameworksBuildPhase;
			buildActionMask = 2147483647;
			files = (
				611EA7D5EC99F5FD0B270646 /* Pods_RxList_RxListUITests.framework in Frameworks */,
			);
			runOnlyForDeploymentPostprocessing = 0;
		};
/* End PBXFrameworksBuildPhase section */

/* Begin PBXGroup section */
		21EAF42E784C0B8FA203A7F9 /* Pods */ = {
			isa = PBXGroup;
			children = (
				D920AC51FC6DC8DB24C835D8 /* Pods-RxList.debug.xcconfig */,
				193E0DF3E9A17CD5B3DB813F /* Pods-RxList.release.xcconfig */,
				CE400D679D1CDA7442E94DCF /* Pods-RxList-RxListUITests.debug.xcconfig */,
				F710EE1AFA891062105203D8 /* Pods-RxList-RxListUITests.release.xcconfig */,
				F08B45D1DAC8B59A5BA1A7E5 /* Pods-RxListTests.debug.xcconfig */,
				820C877A1EF52BE0358ECE9A /* Pods-RxListTests.release.xcconfig */,
			);
			path = Pods;
			sourceTree = "<group>";
		};
		54F787B84AE681EF1D62E3B5 /* Frameworks */ = {
			isa = PBXGroup;
			children = (
				A34C19351F4E1FAC37400025 /* Pods_RxList.framework */,
				73B8B6EB82734421FD0626E4 /* Pods_RxList_RxListUITests.framework */,
				0D3BBF76237EC8249E21EF42 /* Pods_RxListTests.framework */,
			);
			name = Frameworks;
			sourceTree = "<group>";
		};
		7E1847D4296D647000E83209 /* Controllers */ = {
			isa = PBXGroup;
			children = (
				7E1847D5296D648C00E83209 /* TaskListViewController.swift */,
				7E1847D7296D690800E83209 /* AddTaskViewController.swift */,
			);
			path = Controllers;
			sourceTree = "<group>";
		};
		7E1847D9296D6C0900E83209 /* Models */ = {
			isa = PBXGroup;
			children = (
				7E1847DA296D6C1300E83209 /* Task.swift */,
			);
			path = Models;
			sourceTree = "<group>";
		};
		7E31A890296D5B840021F1B4 = {
			isa = PBXGroup;
			children = (
				7E31A89B296D5B840021F1B4 /* RxList */,
				7E31A8B2296D5B850021F1B4 /* RxListTests */,
				7E31A8BC296D5B850021F1B4 /* RxListUITests */,
				7E31A89A296D5B840021F1B4 /* Products */,
				21EAF42E784C0B8FA203A7F9 /* Pods */,
				54F787B84AE681EF1D62E3B5 /* Frameworks */,
			);
			sourceTree = "<group>";
		};
		7E31A89A296D5B840021F1B4 /* Products */ = {
			isa = PBXGroup;
			children = (
				7E31A899296D5B840021F1B4 /* RxList.app */,
				7E31A8AF296D5B850021F1B4 /* RxListTests.xctest */,
				7E31A8B9296D5B850021F1B4 /* RxListUITests.xctest */,
			);
			name = Products;
			sourceTree = "<group>";
		};
		7E31A89B296D5B840021F1B4 /* RxList */ = {
			isa = PBXGroup;
			children = (
				7E1847D9296D6C0900E83209 /* Models */,
				7E1847D4296D647000E83209 /* Controllers */,
				7E31A89C296D5B840021F1B4 /* AppDelegate.swift */,
				7E31A89E296D5B840021F1B4 /* SceneDelegate.swift */,
				7E31A8A2296D5B840021F1B4 /* Main.storyboard */,
				7E31A8A5296D5B850021F1B4 /* Assets.xcassets */,
				7E31A8A7296D5B850021F1B4 /* LaunchScreen.storyboard */,
				7E31A8AA296D5B850021F1B4 /* Info.plist */,
			);
			path = RxList;
			sourceTree = "<group>";
		};
		7E31A8B2296D5B850021F1B4 /* RxListTests */ = {
			isa = PBXGroup;
			children = (
				7E31A8B3296D5B850021F1B4 /* RxListTests.swift */,
			);
			path = RxListTests;
			sourceTree = "<group>";
		};
		7E31A8BC296D5B850021F1B4 /* RxListUITests */ = {
			isa = PBXGroup;
			children = (
				7E31A8BD296D5B850021F1B4 /* RxListUITests.swift */,
				7E31A8BF296D5B850021F1B4 /* RxListUITestsLaunchTests.swift */,
			);
			path = RxListUITests;
			sourceTree = "<group>";
		};
/* End PBXGroup section */

/* Begin PBXNativeTarget section */
		7E31A898296D5B840021F1B4 /* RxList */ = {
			isa = PBXNativeTarget;
			buildConfigurationList = 7E31A8C3296D5B850021F1B4 /* Build configuration list for PBXNativeTarget "RxList" */;
			buildPhases = (
				9A126E6DED0311E422DDC9A5 /* [CP] Check Pods Manifest.lock */,
				7E31A895296D5B840021F1B4 /* Sources */,
				7E31A896296D5B840021F1B4 /* Frameworks */,
				7E31A897296D5B840021F1B4 /* Resources */,
				BB14C0D8C698371CDDB7BBA1 /* [CP] Embed Pods Frameworks */,
			);
			buildRules = (
			);
			dependencies = (
			);
			name = RxList;
			productName = RxList;
			productReference = 7E31A899296D5B840021F1B4 /* RxList.app */;
			productType = "com.apple.product-type.application";
		};
		7E31A8AE296D5B850021F1B4 /* RxListTests */ = {
			isa = PBXNativeTarget;
			buildConfigurationList = 7E31A8C6296D5B850021F1B4 /* Build configuration list for PBXNativeTarget "RxListTests" */;
			buildPhases = (
				5A8F657AA202F9D0E262863C /* [CP] Check Pods Manifest.lock */,
				7E31A8AB296D5B850021F1B4 /* Sources */,
				7E31A8AC296D5B850021F1B4 /* Frameworks */,
				7E31A8AD296D5B850021F1B4 /* Resources */,
			);
			buildRules = (
			);
			dependencies = (
				7E31A8B1296D5B850021F1B4 /* PBXTargetDependency */,
			);
			name = RxListTests;
			productName = RxListTests;
			productReference = 7E31A8AF296D5B850021F1B4 /* RxListTests.xctest */;
			productType = "com.apple.product-type.bundle.unit-test";
		};
		7E31A8B8296D5B850021F1B4 /* RxListUITests */ = {
			isa = PBXNativeTarget;
			buildConfigurationList = 7E31A8C9296D5B850021F1B4 /* Build configuration list for PBXNativeTarget "RxListUITests" */;
			buildPhases = (
				E47EAB681DC38A2E1067E171 /* [CP] Check Pods Manifest.lock */,
				7E31A8B5296D5B850021F1B4 /* Sources */,
				7E31A8B6296D5B850021F1B4 /* Frameworks */,
				7E31A8B7296D5B850021F1B4 /* Resources */,
				0DE877036961C8DBCE22EF76 /* [CP] Embed Pods Frameworks */,
			);
			buildRules = (
			);
			dependencies = (
				7E31A8BB296D5B850021F1B4 /* PBXTargetDependency */,
			);
			name = RxListUITests;
			productName = RxListUITests;
			productReference = 7E31A8B9296D5B850021F1B4 /* RxListUITests.xctest */;
			productType = "com.apple.product-type.bundle.ui-testing";
		};
/* End PBXNativeTarget section */

/* Begin PBXProject section */
		7E31A891296D5B840021F1B4 /* Project object */ = {
			isa = PBXProject;
			attributes = {
				BuildIndependentTargetsInParallel = 1;
				LastSwiftUpdateCheck = 1340;
				LastUpgradeCheck = 1340;
				TargetAttributes = {
					7E31A898296D5B840021F1B4 = {
						CreatedOnToolsVersion = 13.4.1;
					};
					7E31A8AE296D5B850021F1B4 = {
						CreatedOnToolsVersion = 13.4.1;
						TestTargetID = 7E31A898296D5B840021F1B4;
					};
					7E31A8B8296D5B850021F1B4 = {
						CreatedOnToolsVersion = 13.4.1;
						TestTargetID = 7E31A898296D5B840021F1B4;
					};
				};
			};
			buildConfigurationList = 7E31A894296D5B840021F1B4 /* Build configuration list for PBXProject "RxList" */;
			compatibilityVersion = "Xcode 13.0";
			developmentRegion = en;
			hasScannedForEncodings = 0;
			knownRegions = (
				en,
				Base,
			);
			mainGroup = 7E31A890296D5B840021F1B4;
			productRefGroup = 7E31A89A296D5B840021F1B4 /* Products */;
			projectDirPath = "";
			projectRoot = "";
			targets = (
				7E31A898296D5B840021F1B4 /* RxList */,
				7E31A8AE296D5B850021F1B4 /* RxListTests */,
				7E31A8B8296D5B850021F1B4 /* RxListUITests */,
			);
		};
/* End PBXProject section */

/* Begin PBXResourcesBuildPhase section */
		7E31A897296D5B840021F1B4 /* Resources */ = {
			isa = PBXResourcesBuildPhase;
			buildActionMask = 2147483647;
			files = (
				7E31A8A9296D5B850021F1B4 /* LaunchScreen.storyboard in Resources */,
				7E31A8A6296D5B850021F1B4 /* Assets.xcassets in Resources */,
				7E31A8A4296D5B840021F1B4 /* Main.storyboard in Resources */,
			);
			runOnlyForDeploymentPostprocessing = 0;
		};
		7E31A8AD296D5B850021F1B4 /* Resources */ = {
			isa = PBXResourcesBuildPhase;
			buildActionMask = 2147483647;
			files = (
			);
			runOnlyForDeploymentPostprocessing = 0;
		};
		7E31A8B7296D5B850021F1B4 /* Resources */ = {
			isa = PBXResourcesBuildPhase;
			buildActionMask = 2147483647;
			files = (
			);
			runOnlyForDeploymentPostprocessing = 0;
		};
/* End PBXResourcesBuildPhase section */

/* Begin PBXShellScriptBuildPhase section */
		0DE877036961C8DBCE22EF76 /* [CP] Embed Pods Frameworks */ = {
			isa = PBXShellScriptBuildPhase;
			buildActionMask = 2147483647;
			files = (
			);
			inputFileListPaths = (
				"${PODS_ROOT}/Target Support Files/Pods-RxList-RxListUITests/Pods-RxList-RxListUITests-frameworks-${CONFIGURATION}-input-files.xcfilelist",
			);
			name = "[CP] Embed Pods Frameworks";
			outputFileListPaths = (
				"${PODS_ROOT}/Target Support Files/Pods-RxList-RxListUITests/Pods-RxList-RxListUITests-frameworks-${CONFIGURATION}-output-files.xcfilelist",
			);
			runOnlyForDeploymentPostprocessing = 0;
			shellPath = /bin/sh;
			shellScript = "\"${PODS_ROOT}/Target Support Files/Pods-RxList-RxListUITests/Pods-RxList-RxListUITests-frameworks.sh\"\n";
			showEnvVarsInLog = 0;
		};
		5A8F657AA202F9D0E262863C /* [CP] Check Pods Manifest.lock */ = {
			isa = PBXShellScriptBuildPhase;
			buildActionMask = 2147483647;
			files = (
			);
			inputFileListPaths = (
			);
			inputPaths = (
				"${PODS_PODFILE_DIR_PATH}/Podfile.lock",
				"${PODS_ROOT}/Manifest.lock",
			);
			name = "[CP] Check Pods Manifest.lock";
			outputFileListPaths = (
			);
			outputPaths = (
				"$(DERIVED_FILE_DIR)/Pods-RxListTests-checkManifestLockResult.txt",
			);
			runOnlyForDeploymentPostprocessing = 0;
			shellPath = /bin/sh;
			shellScript = "diff \"${PODS_PODFILE_DIR_PATH}/Podfile.lock\" \"${PODS_ROOT}/Manifest.lock\" > /dev/null\nif [ $? != 0 ] ; then\n    # print error to STDERR\n    echo \"error: The sandbox is not in sync with the Podfile.lock. Run 'pod install' or update your CocoaPods installation.\" >&2\n    exit 1\nfi\n# This output is used by Xcode 'outputs' to avoid re-running this script phase.\necho \"SUCCESS\" > \"${SCRIPT_OUTPUT_FILE_0}\"\n";
			showEnvVarsInLog = 0;
		};
		9A126E6DED0311E422DDC9A5 /* [CP] Check Pods Manifest.lock */ = {
			isa = PBXShellScriptBuildPhase;
			buildActionMask = 2147483647;
			files = (
			);
			inputFileListPaths = (
			);
			inputPaths = (
				"${PODS_PODFILE_DIR_PATH}/Podfile.lock",
				"${PODS_ROOT}/Manifest.lock",
			);
			name = "[CP] Check Pods Manifest.lock";
			outputFileListPaths = (
			);
			outputPaths = (
				"$(DERIVED_FILE_DIR)/Pods-RxList-checkManifestLockResult.txt",
			);
			runOnlyForDeploymentPostprocessing = 0;
			shellPath = /bin/sh;
			shellScript = "diff \"${PODS_PODFILE_DIR_PATH}/Podfile.lock\" \"${PODS_ROOT}/Manifest.lock\" > /dev/null\nif [ $? != 0 ] ; then\n    # print error to STDERR\n    echo \"error: The sandbox is not in sync with the Podfile.lock. Run 'pod install' or update your CocoaPods installation.\" >&2\n    exit 1\nfi\n# This output is used by Xcode 'outputs' to avoid re-running this script phase.\necho \"SUCCESS\" > \"${SCRIPT_OUTPUT_FILE_0}\"\n";
			showEnvVarsInLog = 0;
		};
		BB14C0D8C698371CDDB7BBA1 /* [CP] Embed Pods Frameworks */ = {
			isa = PBXShellScriptBuildPhase;
			buildActionMask = 2147483647;
			files = (
			);
			inputFileListPaths = (
				"${PODS_ROOT}/Target Support Files/Pods-RxList/Pods-RxList-frameworks-${CONFIGURATION}-input-files.xcfilelist",
			);
			name = "[CP] Embed Pods Frameworks";
			outputFileListPaths = (
				"${PODS_ROOT}/Target Support Files/Pods-RxList/Pods-RxList-frameworks-${CONFIGURATION}-output-files.xcfilelist",
			);
			runOnlyForDeploymentPostprocessing = 0;
			shellPath = /bin/sh;
			shellScript = "\"${PODS_ROOT}/Target Support Files/Pods-RxList/Pods-RxList-frameworks.sh\"\n";
			showEnvVarsInLog = 0;
		};
		E47EAB681DC38A2E1067E171 /* [CP] Check Pods Manifest.lock */ = {
			isa = PBXShellScriptBuildPhase;
			buildActionMask = 2147483647;
			files = (
			);
			inputFileListPaths = (
			);
			inputPaths = (
				"${PODS_PODFILE_DIR_PATH}/Podfile.lock",
				"${PODS_ROOT}/Manifest.lock",
			);
			name = "[CP] Check Pods Manifest.lock";
			outputFileListPaths = (
			);
			outputPaths = (
				"$(DERIVED_FILE_DIR)/Pods-RxList-RxListUITests-checkManifestLockResult.txt",
			);
			runOnlyForDeploymentPostprocessing = 0;
			shellPath = /bin/sh;
			shellScript = "diff \"${PODS_PODFILE_DIR_PATH}/Podfile.lock\" \"${PODS_ROOT}/Manifest.lock\" > /dev/null\nif [ $? != 0 ] ; then\n    # print error to STDERR\n    echo \"error: The sandbox is not in sync with the Podfile.lock. Run 'pod install' or update your CocoaPods installation.\" >&2\n    exit 1\nfi\n# This output is used by Xcode 'outputs' to avoid re-running this script phase.\necho \"SUCCESS\" > \"${SCRIPT_OUTPUT_FILE_0}\"\n";
			showEnvVarsInLog = 0;
		};
/* End PBXShellScriptBuildPhase section */

/* Begin PBXSourcesBuildPhase section */
		7E31A895296D5B840021F1B4 /* Sources */ = {
			isa = PBXSourcesBuildPhase;
			buildActionMask = 2147483647;
			files = (
				7E31A89D296D5B840021F1B4 /* AppDelegate.swift in Sources */,
				7E1847D8296D690800E83209 /* AddTaskViewController.swift in Sources */,
				7E1847DB296D6C1300E83209 /* Task.swift in Sources */,
				7E31A89F296D5B840021F1B4 /* SceneDelegate.swift in Sources */,
				7E1847D6296D648C00E83209 /* TaskListViewController.swift in Sources */,
			);
			runOnlyForDeploymentPostprocessing = 0;
		};
		7E31A8AB296D5B850021F1B4 /* Sources */ = {
			isa = PBXSourcesBuildPhase;
			buildActionMask = 2147483647;
			files = (
				7E31A8B4296D5B850021F1B4 /* RxListTests.swift in Sources */,
			);
			runOnlyForDeploymentPostprocessing = 0;
		};
		7E31A8B5296D5B850021F1B4 /* Sources */ = {
			isa = PBXSourcesBuildPhase;
			buildActionMask = 2147483647;
			files = (
				7E31A8C0296D5B850021F1B4 /* RxListUITestsLaunchTests.swift in Sources */,
				7E31A8BE296D5B850021F1B4 /* RxListUITests.swift in Sources */,
			);
			runOnlyForDeploymentPostprocessing = 0;
		};
/* End PBXSourcesBuildPhase section */

/* Begin PBXTargetDependency section */
		7E31A8B1296D5B850021F1B4 /* PBXTargetDependency */ = {
			isa = PBXTargetDependency;
			target = 7E31A898296D5B840021F1B4 /* RxList */;
			targetProxy = 7E31A8B0296D5B850021F1B4 /* PBXContainerItemProxy */;
		};
		7E31A8BB296D5B850021F1B4 /* PBXTargetDependency */ = {
			isa = PBXTargetDependency;
			target = 7E31A898296D5B840021F1B4 /* RxList */;
			targetProxy = 7E31A8BA296D5B850021F1B4 /* PBXContainerItemProxy */;
		};
/* End PBXTargetDependency section */

/* Begin PBXVariantGroup section */
		7E31A8A2296D5B840021F1B4 /* Main.storyboard */ = {
			isa = PBXVariantGroup;
			children = (
				7E31A8A3296D5B840021F1B4 /* Base */,
			);
			name = Main.storyboard;
			sourceTree = "<group>";
		};
		7E31A8A7296D5B850021F1B4 /* LaunchScreen.storyboard */ = {
			isa = PBXVariantGroup;
			children = (
				7E31A8A8296D5B850021F1B4 /* Base */,
			);
			name = LaunchScreen.storyboard;
			sourceTree = "<group>";
		};
/* End PBXVariantGroup section */

/* Begin XCBuildConfiguration section */
		7E31A8C1296D5B850021F1B4 /* Debug */ = {
			isa = XCBuildConfiguration;
			buildSettings = {
				ALWAYS_SEARCH_USER_PATHS = NO;
				CLANG_ANALYZER_NONNULL = YES;
				CLANG_ANALYZER_NUMBER_OBJECT_CONVERSION = YES_AGGRESSIVE;
				CLANG_CXX_LANGUAGE_STANDARD = "gnu++17";
				CLANG_ENABLE_MODULES = YES;
				CLANG_ENABLE_OBJC_ARC = YES;
				CLANG_ENABLE_OBJC_WEAK = YES;
				CLANG_WARN_BLOCK_CAPTURE_AUTORELEASING = YES;
				CLANG_WARN_BOOL_CONVERSION = YES;
				CLANG_WARN_COMMA = YES;
				CLANG_WARN_CONSTANT_CONVERSION = YES;
				CLANG_WARN_DEPRECATED_OBJC_IMPLEMENTATIONS = YES;
				CLANG_WARN_DIRECT_OBJC_ISA_USAGE = YES_ERROR;
				CLANG_WARN_DOCUMENTATION_COMMENTS = YES;
				CLANG_WARN_EMPTY_BODY = YES;
				CLANG_WARN_ENUM_CONVERSION = YES;
				CLANG_WARN_INFINITE_RECURSION = YES;
				CLANG_WARN_INT_CONVERSION = YES;
				CLANG_WARN_NON_LITERAL_NULL_CONVERSION = YES;
				CLANG_WARN_OBJC_IMPLICIT_RETAIN_SELF = YES;
				CLANG_WARN_OBJC_LITERAL_CONVERSION = YES;
				CLANG_WARN_OBJC_ROOT_CLASS = YES_ERROR;
				CLANG_WARN_QUOTED_INCLUDE_IN_FRAMEWORK_HEADER = YES;
				CLANG_WARN_RANGE_LOOP_ANALYSIS = YES;
				CLANG_WARN_STRICT_PROTOTYPES = YES;
				CLANG_WARN_SUSPICIOUS_MOVE = YES;
				CLANG_WARN_UNGUARDED_AVAILABILITY = YES_AGGRESSIVE;
				CLANG_WARN_UNREACHABLE_CODE = YES;
				CLANG_WARN__DUPLICATE_METHOD_MATCH = YES;
				COPY_PHASE_STRIP = NO;
				DEBUG_INFORMATION_FORMAT = dwarf;
				ENABLE_STRICT_OBJC_MSGSEND = YES;
				ENABLE_TESTABILITY = YES;
				GCC_C_LANGUAGE_STANDARD = gnu11;
				GCC_DYNAMIC_NO_PIC = NO;
				GCC_NO_COMMON_BLOCKS = YES;
				GCC_OPTIMIZATION_LEVEL = 0;
				GCC_PREPROCESSOR_DEFINITIONS = (
					"DEBUG=1",
					"$(inherited)",
				);
				GCC_WARN_64_TO_32_BIT_CONVERSION = YES;
				GCC_WARN_ABOUT_RETURN_TYPE = YES_ERROR;
				GCC_WARN_UNDECLARED_SELECTOR = YES;
				GCC_WARN_UNINITIALIZED_AUTOS = YES_AGGRESSIVE;
				GCC_WARN_UNUSED_FUNCTION = YES;
				GCC_WARN_UNUSED_VARIABLE = YES;
				IPHONEOS_DEPLOYMENT_TARGET = 15.5;
				MTL_ENABLE_DEBUG_INFO = INCLUDE_SOURCE;
				MTL_FAST_MATH = YES;
				ONLY_ACTIVE_ARCH = YES;
				SDKROOT = iphoneos;
				SWIFT_ACTIVE_COMPILATION_CONDITIONS = DEBUG;
				SWIFT_OPTIMIZATION_LEVEL = "-Onone";
			};
			name = Debug;
		};
		7E31A8C2296D5B850021F1B4 /* Release */ = {
			isa = XCBuildConfiguration;
			buildSettings = {
				ALWAYS_SEARCH_USER_PATHS = NO;
				CLANG_ANALYZER_NONNULL = YES;
				CLANG_ANALYZER_NUMBER_OBJECT_CONVERSION = YES_AGGRESSIVE;
				CLANG_CXX_LANGUAGE_STANDARD = "gnu++17";
				CLANG_ENABLE_MODULES = YES;
				CLANG_ENABLE_OBJC_ARC = YES;
				CLANG_ENABLE_OBJC_WEAK = YES;
				CLANG_WARN_BLOCK_CAPTURE_AUTORELEASING = YES;
				CLANG_WARN_BOOL_CONVERSION = YES;
				CLANG_WARN_COMMA = YES;
				CLANG_WARN_CONSTANT_CONVERSION = YES;
				CLANG_WARN_DEPRECATED_OBJC_IMPLEMENTATIONS = YES;
				CLANG_WARN_DIRECT_OBJC_ISA_USAGE = YES_ERROR;
				CLANG_WARN_DOCUMENTATION_COMMENTS = YES;
				CLANG_WARN_EMPTY_BODY = YES;
				CLANG_WARN_ENUM_CONVERSION = YES;
				CLANG_WARN_INFINITE_RECURSION = YES;
				CLANG_WARN_INT_CONVERSION = YES;
				CLANG_WARN_NON_LITERAL_NULL_CONVERSION = YES;
				CLANG_WARN_OBJC_IMPLICIT_RETAIN_SELF = YES;
				CLANG_WARN_OBJC_LITERAL_CONVERSION = YES;
				CLANG_WARN_OBJC_ROOT_CLASS = YES_ERROR;
				CLANG_WARN_QUOTED_INCLUDE_IN_FRAMEWORK_HEADER = YES;
				CLANG_WARN_RANGE_LOOP_ANALYSIS = YES;
				CLANG_WARN_STRICT_PROTOTYPES = YES;
				CLANG_WARN_SUSPICIOUS_MOVE = YES;
				CLANG_WARN_UNGUARDED_AVAILABILITY = YES_AGGRESSIVE;
				CLANG_WARN_UNREACHABLE_CODE = YES;
				CLANG_WARN__DUPLICATE_METHOD_MATCH = YES;
				COPY_PHASE_STRIP = NO;
				DEBUG_INFORMATION_FORMAT = "dwarf-with-dsym";
				ENABLE_NS_ASSERTIONS = NO;
				ENABLE_STRICT_OBJC_MSGSEND = YES;
				GCC_C_LANGUAGE_STANDARD = gnu11;
				GCC_NO_COMMON_BLOCKS = YES;
				GCC_WARN_64_TO_32_BIT_CONVERSION = YES;
				GCC_WARN_ABOUT_RETURN_TYPE = YES_ERROR;
				GCC_WARN_UNDECLARED_SELECTOR = YES;
				GCC_WARN_UNINITIALIZED_AUTOS = YES_AGGRESSIVE;
				GCC_WARN_UNUSED_FUNCTION = YES;
				GCC_WARN_UNUSED_VARIABLE = YES;
				IPHONEOS_DEPLOYMENT_TARGET = 15.5;
				MTL_ENABLE_DEBUG_INFO = NO;
				MTL_FAST_MATH = YES;
				SDKROOT = iphoneos;
				SWIFT_COMPILATION_MODE = wholemodule;
				SWIFT_OPTIMIZATION_LEVEL = "-O";
				VALIDATE_PRODUCT = YES;
			};
			name = Release;
		};
		7E31A8C4296D5B850021F1B4 /* Debug */ = {
			isa = XCBuildConfiguration;
			baseConfigurationReference = D920AC51FC6DC8DB24C835D8 /* Pods-RxList.debug.xcconfig */;
			buildSettings = {
				ASSETCATALOG_COMPILER_APPICON_NAME = AppIcon;
				ASSETCATALOG_COMPILER_GLOBAL_ACCENT_COLOR_NAME = AccentColor;
				CODE_SIGN_STYLE = Automatic;
				CURRENT_PROJECT_VERSION = 1;
				DEVELOPMENT_TEAM = 76P85BXFRK;
				GENERATE_INFOPLIST_FILE = YES;
				INFOPLIST_FILE = RxList/Info.plist;
				INFOPLIST_KEY_UIApplicationSupportsIndirectInputEvents = YES;
				INFOPLIST_KEY_UILaunchStoryboardName = LaunchScreen;
				INFOPLIST_KEY_UIMainStoryboardFile = Main;
				INFOPLIST_KEY_UISupportedInterfaceOrientations_iPad = "UIInterfaceOrientationPortrait UIInterfaceOrientationPortraitUpsideDown UIInterfaceOrientationLandscapeLeft UIInterfaceOrientationLandscapeRight";
				INFOPLIST_KEY_UISupportedInterfaceOrientations_iPhone = "UIInterfaceOrientationPortrait UIInterfaceOrientationLandscapeLeft UIInterfaceOrientationLandscapeRight";
				LD_RUNPATH_SEARCH_PATHS = (
					"$(inherited)",
					"@executable_path/Frameworks",
				);
				MARKETING_VERSION = 1.0;
				PRODUCT_BUNDLE_IDENTIFIER = com.itsalhussein.RxList;
				PRODUCT_NAME = "$(TARGET_NAME)";
				SWIFT_EMIT_LOC_STRINGS = YES;
				SWIFT_VERSION = 5.0;
				TARGETED_DEVICE_FAMILY = "1,2";
			};
			name = Debug;
		};
		7E31A8C5296D5B850021F1B4 /* Release */ = {
			isa = XCBuildConfiguration;
			baseConfigurationReference = 193E0DF3E9A17CD5B3DB813F /* Pods-RxList.release.xcconfig */;
			buildSettings = {
				ASSETCATALOG_COMPILER_APPICON_NAME = AppIcon;
				ASSETCATALOG_COMPILER_GLOBAL_ACCENT_COLOR_NAME = AccentColor;
				CODE_SIGN_STYLE = Automatic;
				CURRENT_PROJECT_VERSION = 1;
				DEVELOPMENT_TEAM = 76P85BXFRK;
				GENERATE_INFOPLIST_FILE = YES;
				INFOPLIST_FILE = RxList/Info.plist;
				INFOPLIST_KEY_UIApplicationSupportsIndirectInputEvents = YES;
				INFOPLIST_KEY_UILaunchStoryboardName = LaunchScreen;
				INFOPLIST_KEY_UIMainStoryboardFile = Main;
				INFOPLIST_KEY_UISupportedInterfaceOrientations_iPad = "UIInterfaceOrientationPortrait UIInterfaceOrientationPortraitUpsideDown UIInterfaceOrientationLandscapeLeft UIInterfaceOrientationLandscapeRight";
				INFOPLIST_KEY_UISupportedInterfaceOrientations_iPhone = "UIInterfaceOrientationPortrait UIInterfaceOrientationLandscapeLeft UIInterfaceOrientationLandscapeRight";
				LD_RUNPATH_SEARCH_PATHS = (
					"$(inherited)",
					"@executable_path/Frameworks",
				);
				MARKETING_VERSION = 1.0;
				PRODUCT_BUNDLE_IDENTIFIER = com.itsalhussein.RxList;
				PRODUCT_NAME = "$(TARGET_NAME)";
				SWIFT_EMIT_LOC_STRINGS = YES;
				SWIFT_VERSION = 5.0;
				TARGETED_DEVICE_FAMILY = "1,2";
			};
			name = Release;
		};
		7E31A8C7296D5B850021F1B4 /* Debug */ = {
			isa = XCBuildConfiguration;
			baseConfigurationReference = F08B45D1DAC8B59A5BA1A7E5 /* Pods-RxListTests.debug.xcconfig */;
			buildSettings = {
				ALWAYS_EMBED_SWIFT_STANDARD_LIBRARIES = YES;
				BUNDLE_LOADER = "$(TEST_HOST)";
				CODE_SIGN_STYLE = Automatic;
				CURRENT_PROJECT_VERSION = 1;
				DEVELOPMENT_TEAM = 76P85BXFRK;
				GENERATE_INFOPLIST_FILE = YES;
				IPHONEOS_DEPLOYMENT_TARGET = 15.5;
				MARKETING_VERSION = 1.0;
				PRODUCT_BUNDLE_IDENTIFIER = com.itsalhussein.RxListTests;
				PRODUCT_NAME = "$(TARGET_NAME)";
				SWIFT_EMIT_LOC_STRINGS = NO;
				SWIFT_VERSION = 5.0;
				TARGETED_DEVICE_FAMILY = "1,2";
				TEST_HOST = "$(BUILT_PRODUCTS_DIR)/RxList.app/RxList";
			};
			name = Debug;
		};
		7E31A8C8296D5B850021F1B4 /* Release */ = {
			isa = XCBuildConfiguration;
			baseConfigurationReference = 820C877A1EF52BE0358ECE9A /* Pods-RxListTests.release.xcconfig */;
			buildSettings = {
				ALWAYS_EMBED_SWIFT_STANDARD_LIBRARIES = YES;
				BUNDLE_LOADER = "$(TEST_HOST)";
				CODE_SIGN_STYLE = Automatic;
				CURRENT_PROJECT_VERSION = 1;
				DEVELOPMENT_TEAM = 76P85BXFRK;
				GENERATE_INFOPLIST_FILE = YES;
				IPHONEOS_DEPLOYMENT_TARGET = 15.5;
				MARKETING_VERSION = 1.0;
				PRODUCT_BUNDLE_IDENTIFIER = com.itsalhussein.RxListTests;
				PRODUCT_NAME = "$(TARGET_NAME)";
				SWIFT_EMIT_LOC_STRINGS = NO;
				SWIFT_VERSION = 5.0;
				TARGETED_DEVICE_FAMILY = "1,2";
				TEST_HOST = "$(BUILT_PRODUCTS_DIR)/RxList.app/RxList";
			};
			name = Release;
		};
		7E31A8CA296D5B850021F1B4 /* Debug */ = {
			isa = XCBuildConfiguration;
			baseConfigurationReference = CE400D679D1CDA7442E94DCF /* Pods-RxList-RxListUITests.debug.xcconfig */;
			buildSettings = {
				ALWAYS_EMBED_SWIFT_STANDARD_LIBRARIES = YES;
				CODE_SIGN_STYLE = Automatic;
				CURRENT_PROJECT_VERSION = 1;
				DEVELOPMENT_TEAM = 76P85BXFRK;
				GENERATE_INFOPLIST_FILE = YES;
				MARKETING_VERSION = 1.0;
				PRODUCT_BUNDLE_IDENTIFIER = com.itsalhussein.RxListUITests;
				PRODUCT_NAME = "$(TARGET_NAME)";
				SWIFT_EMIT_LOC_STRINGS = NO;
				SWIFT_VERSION = 5.0;
				TARGETED_DEVICE_FAMILY = "1,2";
				TEST_TARGET_NAME = RxList;
			};
			name = Debug;
		};
		7E31A8CB296D5B850021F1B4 /* Release */ = {
			isa = XCBuildConfiguration;
			baseConfigurationReference = F710EE1AFA891062105203D8 /* Pods-RxList-RxListUITests.release.xcconfig */;
			buildSettings = {
				ALWAYS_EMBED_SWIFT_STANDARD_LIBRARIES = YES;
				CODE_SIGN_STYLE = Automatic;
				CURRENT_PROJECT_VERSION = 1;
				DEVELOPMENT_TEAM = 76P85BXFRK;
				GENERATE_INFOPLIST_FILE = YES;
				MARKETING_VERSION = 1.0;
				PRODUCT_BUNDLE_IDENTIFIER = com.itsalhussein.RxListUITests;
				PRODUCT_NAME = "$(TARGET_NAME)";
				SWIFT_EMIT_LOC_STRINGS = NO;
				SWIFT_VERSION = 5.0;
				TARGETED_DEVICE_FAMILY = "1,2";
				TEST_TARGET_NAME = RxList;
			};
			name = Release;
		};
/* End XCBuildConfiguration section */

/* Begin XCConfigurationList section */
		7E31A894296D5B840021F1B4 /* Build configuration list for PBXProject "RxList" */ = {
			isa = XCConfigurationList;
			buildConfigurations = (
				7E31A8C1296D5B850021F1B4 /* Debug */,
				7E31A8C2296D5B850021F1B4 /* Release */,
			);
			defaultConfigurationIsVisible = 0;
			defaultConfigurationName = Release;
		};
		7E31A8C3296D5B850021F1B4 /* Build configuration list for PBXNativeTarget "RxList" */ = {
			isa = XCConfigurationList;
			buildConfigurations = (
				7E31A8C4296D5B850021F1B4 /* Debug */,
				7E31A8C5296D5B850021F1B4 /* Release */,
			);
			defaultConfigurationIsVisible = 0;
			defaultConfigurationName = Release;
		};
		7E31A8C6296D5B850021F1B4 /* Build configuration list for PBXNativeTarget "RxListTests" */ = {
			isa = XCConfigurationList;
			buildConfigurations = (
				7E31A8C7296D5B850021F1B4 /* Debug */,
				7E31A8C8296D5B850021F1B4 /* Release */,
			);
			defaultConfigurationIsVisible = 0;
			defaultConfigurationName = Release;
		};
		7E31A8C9296D5B850021F1B4 /* Build configuration list for PBXNativeTarget "RxListUITests" */ = {
			isa = XCConfigurationList;
			buildConfigurations = (
				7E31A8CA296D5B850021F1B4 /* Debug */,
				7E31A8CB296D5B850021F1B4 /* Release */,
			);
			defaultConfigurationIsVisible = 0;
			defaultConfigurationName = Release;
		};
/* End XCConfigurationList section */
	};
	rootObject = 7E31A891296D5B840021F1B4 /* Project object */;
}
